
Microsoft Visual Studio Solution File, Format Version 12.00
# Visual Studio Version 17
VisualStudioVersion = 17.13.35931.197 d17.13
MinimumVisualStudioVersion = 10.0.40219.1
Project("{FAE04EC0-301F-11D3-BF4B-00C04F79EFBC}") = "WpfApp1", "WpfApp1\WpfApp1.csproj", "{E020786B-6CC3-44D6-AFB0-F5912FC3414E}"
EndProject
Global
	GlobalSection(SolutionConfigurationPlatforms) = preSolution
		Debug|Any CPU = Debug|Any CPU
		Release|Any CPU = Release|Any CPU
	EndGlobalSection
	GlobalSection(ProjectConfigurationPlatforms) = postSolution
		{E020786B-6CC3-44D6-AFB0-F5912FC3414E}.Debug|Any CPU.ActiveCfg = Debug|Any CPU
		{E020786B-6CC3-44D6-AFB0-F5912FC3414E}.Debug|Any CPU.Build.0 = Debug|Any CPU
		{E020786B-6CC3-44D6-AFB0-F5912FC3414E}.Release|Any CPU.ActiveCfg = Release|Any CPU
		{E020786B-6CC3-44D6-AFB0-F5912FC3414E}.Release|Any CPU.Build.0 = Release|Any CPU
	EndGlobalSection
	GlobalSection(SolutionProperties) = preSolution
		HideSolutionNode = FALSE
	EndGlobalSection
	GlobalSection(ExtensibilityGlobals) = postSolution
		SolutionGuid = {D241DBD1-35AF-4AF1-8501-78C16411BF8A}
	EndGlobalSection
EndGlobal
